
Microsoft Visual Studio Solution File, Format Version 12.00
Project("{2150E333-8FDC-42A3-9474-1A3956D46DE8}") = "Source", "Source", "{9FAFD3A4-A8AB-4419-981F-25583C759EC2}"
EndProject
Project("{2150E333-8FDC-42A3-9474-1A3956D46DE8}") = "Backend", "Backend", "{9E222113-1E18-4DF7-BB7C-7EE24AFD1C9F}"
EndProject
Project("{FAE04EC0-301F-11D3-BF4B-00C04F79EFBC}") = "ShoppingService", "Source\Backend\ShoppingService\ShoppingService.csproj", "{D1F40223-F87D-435A-BA5F-C8930302AF93}"
EndProject
Project("{FAE04EC0-301F-11D3-BF4B-00C04F79EFBC}") = "ProductService", "Source\Backend\ProductService\ProductService.csproj", "{271573A2-DD18-448E-B806-A9086DF37EAA}"
EndProject
Project("{2150E333-8FDC-42A3-9474-1A3956D46DE8}") = "Tests", "Tests", "{F9D2805E-79E0-418B-80A2-74647A2B56BA}"
EndProject
Project("{FAE04EC0-301F-11D3-BF4B-00C04F79EFBC}") = "ProductService.UnitTests", "Tests\ProductService.UnitTests\ProductService.UnitTests.csproj", "{C9666E16-39D1-4C4C-8576-00D3B7FC4CB0}"
EndProject
Project("{2150E333-8FDC-42A3-9474-1A3956D46DE8}") = "Shared", "Shared", "{0A1EE55C-9FBA-4BF8-94AB-478D5202D7BC}"
EndProject
Project("{FAE04EC0-301F-11D3-BF4B-00C04F79EFBC}") = "Shared.Validation", "Source\Shared\Shared.Validation\Shared.Validation.csproj", "{67DCCED7-72B2-4F04-8051-97B679DF1A60}"
EndProject
Global
	GlobalSection(SolutionConfigurationPlatforms) = preSolution
		Debug|Any CPU = Debug|Any CPU
		Release|Any CPU = Release|Any CPU
	EndGlobalSection
	GlobalSection(NestedProjects) = preSolution
		{9E222113-1E18-4DF7-BB7C-7EE24AFD1C9F} = {9FAFD3A4-A8AB-4419-981F-25583C759EC2}
		{D1F40223-F87D-435A-BA5F-C8930302AF93} = {9E222113-1E18-4DF7-BB7C-7EE24AFD1C9F}
		{271573A2-DD18-448E-B806-A9086DF37EAA} = {9E222113-1E18-4DF7-BB7C-7EE24AFD1C9F}
		{C9666E16-39D1-4C4C-8576-00D3B7FC4CB0} = {F9D2805E-79E0-418B-80A2-74647A2B56BA}
		{0A1EE55C-9FBA-4BF8-94AB-478D5202D7BC} = {9FAFD3A4-A8AB-4419-981F-25583C759EC2}
		{67DCCED7-72B2-4F04-8051-97B679DF1A60} = {0A1EE55C-9FBA-4BF8-94AB-478D5202D7BC}
	EndGlobalSection
	GlobalSection(ProjectConfigurationPlatforms) = postSolution
		{D1F40223-F87D-435A-BA5F-C8930302AF93}.Debug|Any CPU.ActiveCfg = Debug|Any CPU
		{D1F40223-F87D-435A-BA5F-C8930302AF93}.Debug|Any CPU.Build.0 = Debug|Any CPU
		{D1F40223-F87D-435A-BA5F-C8930302AF93}.Release|Any CPU.ActiveCfg = Release|Any CPU
		{D1F40223-F87D-435A-BA5F-C8930302AF93}.Release|Any CPU.Build.0 = Release|Any CPU
		{271573A2-DD18-448E-B806-A9086DF37EAA}.Debug|Any CPU.ActiveCfg = Debug|Any CPU
		{271573A2-DD18-448E-B806-A9086DF37EAA}.Debug|Any CPU.Build.0 = Debug|Any CPU
		{271573A2-DD18-448E-B806-A9086DF37EAA}.Release|Any CPU.ActiveCfg = Release|Any CPU
		{271573A2-DD18-448E-B806-A9086DF37EAA}.Release|Any CPU.Build.0 = Release|Any CPU
		{C9666E16-39D1-4C4C-8576-00D3B7FC4CB0}.Debug|Any CPU.ActiveCfg = Debug|Any CPU
		{C9666E16-39D1-4C4C-8576-00D3B7FC4CB0}.Debug|Any CPU.Build.0 = Debug|Any CPU
		{C9666E16-39D1-4C4C-8576-00D3B7FC4CB0}.Release|Any CPU.ActiveCfg = Release|Any CPU
		{C9666E16-39D1-4C4C-8576-00D3B7FC4CB0}.Release|Any CPU.Build.0 = Release|Any CPU
		{67DCCED7-72B2-4F04-8051-97B679DF1A60}.Debug|Any CPU.ActiveCfg = Debug|Any CPU
		{67DCCED7-72B2-4F04-8051-97B679DF1A60}.Debug|Any CPU.Build.0 = Debug|Any CPU
		{67DCCED7-72B2-4F04-8051-97B679DF1A60}.Release|Any CPU.ActiveCfg = Release|Any CPU
		{67DCCED7-72B2-4F04-8051-97B679DF1A60}.Release|Any CPU.Build.0 = Release|Any CPU
	EndGlobalSection
EndGlobal
