
Microsoft Visual Studio Solution File, Format Version 12.00
Project("{2150E333-8FDC-42A3-9474-1A3956D46DE8}") = "Source", "Source", "{9FAFD3A4-A8AB-4419-981F-25583C759EC2}"
EndProject
Project("{2150E333-8FDC-42A3-9474-1A3956D46DE8}") = "Backend", "Backend", "{9E222113-1E18-4DF7-BB7C-7EE24AFD1C9F}"
EndProject
Project("{2150E333-8FDC-42A3-9474-1A3956D46DE8}") = "Tests", "Tests", "{F9D2805E-79E0-418B-80A2-74647A2B56BA}"
EndProject
Project("{FAE04EC0-301F-11D3-BF4B-00C04F79EFBC}") = "UnitTests.Domain.Product", "Tests\UnitTests.Domain.Product\UnitTests.Domain.Product.csproj", "{C9666E16-39D1-4C4C-8576-00D3B7FC4CB0}"
EndProject
Project("{FAE04EC0-301F-11D3-BF4B-00C04F79EFBC}") = "UnitTests.Domain.Shopping", "Tests\UnitTests.Domain.Shopping\UnitTests.Domain.Shopping.csproj", "{6579950D-C016-441A-8930-C77E8AB4887F}"
EndProject
Project("{2150E333-8FDC-42A3-9474-1A3956D46DE8}") = "Shared", "Shared", "{034A5EB1-4B02-4099-8B40-4A21A21401C6}"
EndProject
Project("{FAE04EC0-301F-11D3-BF4B-00C04F79EFBC}") = "Testing.Shared.Assertions", "Tests\Shared\Testing.Shared.Assertions\Testing.Shared.Assertions.csproj", "{4A1494D8-5DD2-42E4-B2E5-FB714E25D84F}"
EndProject
Project("{FAE04EC0-301F-11D3-BF4B-00C04F79EFBC}") = "HouseholdManager.Api", "Source\Backend\HouseholdManager.Api\HouseholdManager.Api.csproj", "{6E479D8F-8FEE-4182-8BCE-162F518877F5}"
EndProject
Project("{FAE04EC0-301F-11D3-BF4B-00C04F79EFBC}") = "HouseholdManager.Domain.Product", "Source\Backend\HouseholdManager.Domain.Product\HouseholdManager.Domain.Product.csproj", "{58893CED-55D0-489E-95F3-CD5D20FF7835}"
EndProject
Project("{FAE04EC0-301F-11D3-BF4B-00C04F79EFBC}") = "HouseholdManager.Domain.Shopping", "Source\Backend\HouseholdManager.Domain.Shopping\HouseholdManager.Domain.Shopping.csproj", "{830432FB-0A52-42BC-BB3E-3E5E5A6F0267}"
EndProject
Project("{2150E333-8FDC-42A3-9474-1A3956D46DE8}") = "Shared", "Shared", "{8B41CC6A-B6ED-4A49-A5A4-B135D783B816}"
EndProject
Project("{FAE04EC0-301F-11D3-BF4B-00C04F79EFBC}") = "Shared.Domain", "Source\Shared\Shared.Domain\Shared.Domain.csproj", "{F3709712-1903-4A57-B9E6-13BBF35D367A}"
EndProject
Project("{FAE04EC0-301F-11D3-BF4B-00C04F79EFBC}") = "UnitTests.Architectures", "Tests\UnitTests.Architectures\UnitTests.Architectures.csproj", "{E26AEF5E-3BFC-4575-BCA5-45E75714D9FC}"
EndProject
Project("{FAE04EC0-301F-11D3-BF4B-00C04F79EFBC}") = "HouseholdManager.Data.Shopping", "Source\Backend\HouseholdManager.Data.Shopping\HouseholdManager.Data.Shopping.csproj", "{E7EB0F0F-63D9-4A46-99A7-C4C7486D5F36}"
EndProject
Project("{FAE04EC0-301F-11D3-BF4B-00C04F79EFBC}") = "HouseholdManager.Data.Product", "Source\Backend\HouseholdManager.Data.Product\HouseholdManager.Data.Product.csproj", "{64FC17CD-F666-4900-B431-0E6A8FC52F21}"
EndProject
Project("{FAE04EC0-301F-11D3-BF4B-00C04F79EFBC}") = "Testing.Shared.Setup", "Tests\Shared\Testing.Shared.Setup\Testing.Shared.Setup.csproj", "{0BDA4C93-728F-4400-BD44-957E542C6D69}"
EndProject
Project("{FAE04EC0-301F-11D3-BF4B-00C04F79EFBC}") = "IntegrationTests.Shopping.Specs", "Tests\IntegrationTests.Shopping.Specs\IntegrationTests.Shopping.Specs.csproj", "{0860CAD4-F1A7-4396-9410-133A1849503F}"
EndProject
Project("{2150E333-8FDC-42A3-9474-1A3956D46DE8}") = "Http", "Http", "{544ED4A2-4CC8-4249-8ABC-33A4A3C6F7D2}"
	ProjectSection(SolutionItems) = preProject
		Source\Http\Product.http = Source\Http\Product.http
		Source\Http\ShoppingList.http = Source\Http\ShoppingList.http
		Source\Http\ShoppingListItemLifecycle.http = Source\Http\ShoppingListItemLifecycle.http
	EndProjectSection
EndProject
Global
	GlobalSection(SolutionConfigurationPlatforms) = preSolution
		Debug|Any CPU = Debug|Any CPU
		Release|Any CPU = Release|Any CPU
	EndGlobalSection
	GlobalSection(NestedProjects) = preSolution
		{9E222113-1E18-4DF7-BB7C-7EE24AFD1C9F} = {9FAFD3A4-A8AB-4419-981F-25583C759EC2}
		{C9666E16-39D1-4C4C-8576-00D3B7FC4CB0} = {F9D2805E-79E0-418B-80A2-74647A2B56BA}
		{6579950D-C016-441A-8930-C77E8AB4887F} = {F9D2805E-79E0-418B-80A2-74647A2B56BA}
		{034A5EB1-4B02-4099-8B40-4A21A21401C6} = {F9D2805E-79E0-418B-80A2-74647A2B56BA}
		{4A1494D8-5DD2-42E4-B2E5-FB714E25D84F} = {034A5EB1-4B02-4099-8B40-4A21A21401C6}
		{6E479D8F-8FEE-4182-8BCE-162F518877F5} = {9E222113-1E18-4DF7-BB7C-7EE24AFD1C9F}
		{58893CED-55D0-489E-95F3-CD5D20FF7835} = {9E222113-1E18-4DF7-BB7C-7EE24AFD1C9F}
		{830432FB-0A52-42BC-BB3E-3E5E5A6F0267} = {9E222113-1E18-4DF7-BB7C-7EE24AFD1C9F}
		{8B41CC6A-B6ED-4A49-A5A4-B135D783B816} = {9FAFD3A4-A8AB-4419-981F-25583C759EC2}
		{F3709712-1903-4A57-B9E6-13BBF35D367A} = {8B41CC6A-B6ED-4A49-A5A4-B135D783B816}
		{E26AEF5E-3BFC-4575-BCA5-45E75714D9FC} = {F9D2805E-79E0-418B-80A2-74647A2B56BA}
		{E7EB0F0F-63D9-4A46-99A7-C4C7486D5F36} = {9E222113-1E18-4DF7-BB7C-7EE24AFD1C9F}
		{64FC17CD-F666-4900-B431-0E6A8FC52F21} = {9E222113-1E18-4DF7-BB7C-7EE24AFD1C9F}
	EndGlobalSection
	GlobalSection(ProjectConfigurationPlatforms) = postSolution
		{C9666E16-39D1-4C4C-8576-00D3B7FC4CB0}.Debug|Any CPU.ActiveCfg = Debug|Any CPU
		{C9666E16-39D1-4C4C-8576-00D3B7FC4CB0}.Debug|Any CPU.Build.0 = Debug|Any CPU
		{C9666E16-39D1-4C4C-8576-00D3B7FC4CB0}.Release|Any CPU.ActiveCfg = Release|Any CPU
		{C9666E16-39D1-4C4C-8576-00D3B7FC4CB0}.Release|Any CPU.Build.0 = Release|Any CPU
		{6579950D-C016-441A-8930-C77E8AB4887F}.Debug|Any CPU.ActiveCfg = Debug|Any CPU
		{6579950D-C016-441A-8930-C77E8AB4887F}.Debug|Any CPU.Build.0 = Debug|Any CPU
		{6579950D-C016-441A-8930-C77E8AB4887F}.Release|Any CPU.ActiveCfg = Release|Any CPU
		{6579950D-C016-441A-8930-C77E8AB4887F}.Release|Any CPU.Build.0 = Release|Any CPU
		{4A1494D8-5DD2-42E4-B2E5-FB714E25D84F}.Debug|Any CPU.ActiveCfg = Debug|Any CPU
		{4A1494D8-5DD2-42E4-B2E5-FB714E25D84F}.Debug|Any CPU.Build.0 = Debug|Any CPU
		{4A1494D8-5DD2-42E4-B2E5-FB714E25D84F}.Release|Any CPU.ActiveCfg = Release|Any CPU
		{4A1494D8-5DD2-42E4-B2E5-FB714E25D84F}.Release|Any CPU.Build.0 = Release|Any CPU
		{6E479D8F-8FEE-4182-8BCE-162F518877F5}.Debug|Any CPU.ActiveCfg = Debug|Any CPU
		{6E479D8F-8FEE-4182-8BCE-162F518877F5}.Debug|Any CPU.Build.0 = Debug|Any CPU
		{6E479D8F-8FEE-4182-8BCE-162F518877F5}.Release|Any CPU.ActiveCfg = Release|Any CPU
		{6E479D8F-8FEE-4182-8BCE-162F518877F5}.Release|Any CPU.Build.0 = Release|Any CPU
		{58893CED-55D0-489E-95F3-CD5D20FF7835}.Debug|Any CPU.ActiveCfg = Debug|Any CPU
		{58893CED-55D0-489E-95F3-CD5D20FF7835}.Debug|Any CPU.Build.0 = Debug|Any CPU
		{58893CED-55D0-489E-95F3-CD5D20FF7835}.Release|Any CPU.ActiveCfg = Release|Any CPU
		{58893CED-55D0-489E-95F3-CD5D20FF7835}.Release|Any CPU.Build.0 = Release|Any CPU
		{830432FB-0A52-42BC-BB3E-3E5E5A6F0267}.Debug|Any CPU.ActiveCfg = Debug|Any CPU
		{830432FB-0A52-42BC-BB3E-3E5E5A6F0267}.Debug|Any CPU.Build.0 = Debug|Any CPU
		{830432FB-0A52-42BC-BB3E-3E5E5A6F0267}.Release|Any CPU.ActiveCfg = Release|Any CPU
		{830432FB-0A52-42BC-BB3E-3E5E5A6F0267}.Release|Any CPU.Build.0 = Release|Any CPU
		{F3709712-1903-4A57-B9E6-13BBF35D367A}.Debug|Any CPU.ActiveCfg = Debug|Any CPU
		{F3709712-1903-4A57-B9E6-13BBF35D367A}.Debug|Any CPU.Build.0 = Debug|Any CPU
		{F3709712-1903-4A57-B9E6-13BBF35D367A}.Release|Any CPU.ActiveCfg = Release|Any CPU
		{F3709712-1903-4A57-B9E6-13BBF35D367A}.Release|Any CPU.Build.0 = Release|Any CPU
		{E26AEF5E-3BFC-4575-BCA5-45E75714D9FC}.Debug|Any CPU.ActiveCfg = Debug|Any CPU
		{E26AEF5E-3BFC-4575-BCA5-45E75714D9FC}.Debug|Any CPU.Build.0 = Debug|Any CPU
		{E26AEF5E-3BFC-4575-BCA5-45E75714D9FC}.Release|Any CPU.ActiveCfg = Release|Any CPU
		{E26AEF5E-3BFC-4575-BCA5-45E75714D9FC}.Release|Any CPU.Build.0 = Release|Any CPU
		{E7EB0F0F-63D9-4A46-99A7-C4C7486D5F36}.Debug|Any CPU.ActiveCfg = Debug|Any CPU
		{E7EB0F0F-63D9-4A46-99A7-C4C7486D5F36}.Debug|Any CPU.Build.0 = Debug|Any CPU
		{E7EB0F0F-63D9-4A46-99A7-C4C7486D5F36}.Release|Any CPU.ActiveCfg = Release|Any CPU
		{E7EB0F0F-63D9-4A46-99A7-C4C7486D5F36}.Release|Any CPU.Build.0 = Release|Any CPU
		{64FC17CD-F666-4900-B431-0E6A8FC52F21}.Debug|Any CPU.ActiveCfg = Debug|Any CPU
		{64FC17CD-F666-4900-B431-0E6A8FC52F21}.Debug|Any CPU.Build.0 = Debug|Any CPU
		{64FC17CD-F666-4900-B431-0E6A8FC52F21}.Release|Any CPU.ActiveCfg = Release|Any CPU
		{64FC17CD-F666-4900-B431-0E6A8FC52F21}.Release|Any CPU.Build.0 = Release|Any CPU
		{0BDA4C93-728F-4400-BD44-957E542C6D69}.Debug|Any CPU.ActiveCfg = Debug|Any CPU
		{0BDA4C93-728F-4400-BD44-957E542C6D69}.Debug|Any CPU.Build.0 = Debug|Any CPU
		{0BDA4C93-728F-4400-BD44-957E542C6D69}.Release|Any CPU.ActiveCfg = Release|Any CPU
		{0BDA4C93-728F-4400-BD44-957E542C6D69}.Release|Any CPU.Build.0 = Release|Any CPU
		{0860CAD4-F1A7-4396-9410-133A1849503F}.Debug|Any CPU.ActiveCfg = Debug|Any CPU
		{0860CAD4-F1A7-4396-9410-133A1849503F}.Debug|Any CPU.Build.0 = Debug|Any CPU
		{0860CAD4-F1A7-4396-9410-133A1849503F}.Release|Any CPU.ActiveCfg = Release|Any CPU
		{0860CAD4-F1A7-4396-9410-133A1849503F}.Release|Any CPU.Build.0 = Release|Any CPU
	EndGlobalSection
EndGlobal
